
Microsoft Visual Studio Solution File, Format Version 12.00
# Visual Studio Version 16
VisualStudioVersion = 16.0.29503.13
MinimumVisualStudioVersion = 15.0.26124.0
Project("{FAE04EC0-301F-11D3-BF4B-00C04F79EFBC}") = "TraceRouteUtil", "TraceRouteUtil\TraceRouteUtil.csproj", "{0F5924C6-D498-49F8-8651-A9CE3F5D37A7}"
EndProject
Global
	GlobalSection(SolutionConfigurationPlatforms) = preSolution
		Debug|Any CPU = Debug|Any CPU
		Release|Any CPU = Release|Any CPU
	EndGlobalSection
	GlobalSection(ProjectConfigurationPlatforms) = postSolution
		{0F5924C6-D498-49F8-8651-A9CE3F5D37A7}.Debug|Any CPU.ActiveCfg = Debug|Any CPU
		{0F5924C6-D498-49F8-8651-A9CE3F5D37A7}.Debug|Any CPU.Build.0 = Debug|Any CPU
		{0F5924C6-D498-49F8-8651-A9CE3F5D37A7}.Release|Any CPU.ActiveCfg = Release|Any CPU
		{0F5924C6-D498-49F8-8651-A9CE3F5D37A7}.Release|Any CPU.Build.0 = Release|Any CPU
	EndGlobalSection
	GlobalSection(SolutionProperties) = preSolution
		HideSolutionNode = FALSE
	EndGlobalSection
	GlobalSection(ExtensibilityGlobals) = postSolution
		SolutionGuid = {48FC5591-29CF-41BC-B4AE-9C978D3E6538}
	EndGlobalSection
EndGlobal
