
Microsoft Visual Studio Solution File, Format Version 12.00
# Visual Studio Version 16
VisualStudioVersion = 16.0.29503.13
MinimumVisualStudioVersion = 15.0.26124.0
Project("{9A19103F-16F7-4668-BE54-9A1E7A4F7556}") = "TraceRouteUtil", "TraceRouteUtil\TraceRouteUtil.csproj", "{0F5924C6-D498-49F8-8651-A9CE3F5D37A7}"
EndProject
Project("{FAE04EC0-301F-11D3-BF4B-00C04F79EFBC}") = "ProxyServer", "ProxyServer\ProxyServer.csproj", "{D1A3D665-A359-4B3C-8779-B44376FB7838}"
EndProject
Project("{FAE04EC0-301F-11D3-BF4B-00C04F79EFBC}") = "P2P", "P2P\P2P.csproj", "{2B5691FF-3967-4277-BAEF-375EE7ADDB0D}"
EndProject
Project("{FAE04EC0-301F-11D3-BF4B-00C04F79EFBC}") = "HttpStorageServer", "HttpStorageServer\HttpStorageServer.csproj", "{D707043B-B0F6-4DE6-8111-26C4A743DC8D}"
EndProject
Global
	GlobalSection(SolutionConfigurationPlatforms) = preSolution
		Debug|Any CPU = Debug|Any CPU
		Debug|x86 = Debug|x86
		Release|Any CPU = Release|Any CPU
		Release|x86 = Release|x86
	EndGlobalSection
	GlobalSection(ProjectConfigurationPlatforms) = postSolution
		{0F5924C6-D498-49F8-8651-A9CE3F5D37A7}.Debug|Any CPU.ActiveCfg = Debug|Any CPU
		{0F5924C6-D498-49F8-8651-A9CE3F5D37A7}.Debug|Any CPU.Build.0 = Debug|Any CPU
		{0F5924C6-D498-49F8-8651-A9CE3F5D37A7}.Debug|x86.ActiveCfg = Debug|Any CPU
		{0F5924C6-D498-49F8-8651-A9CE3F5D37A7}.Debug|x86.Build.0 = Debug|Any CPU
		{0F5924C6-D498-49F8-8651-A9CE3F5D37A7}.Release|Any CPU.ActiveCfg = Release|Any CPU
		{0F5924C6-D498-49F8-8651-A9CE3F5D37A7}.Release|Any CPU.Build.0 = Release|Any CPU
		{0F5924C6-D498-49F8-8651-A9CE3F5D37A7}.Release|x86.ActiveCfg = Release|Any CPU
		{0F5924C6-D498-49F8-8651-A9CE3F5D37A7}.Release|x86.Build.0 = Release|Any CPU
		{D1A3D665-A359-4B3C-8779-B44376FB7838}.Debug|Any CPU.ActiveCfg = Debug|Any CPU
		{D1A3D665-A359-4B3C-8779-B44376FB7838}.Debug|Any CPU.Build.0 = Debug|Any CPU
		{D1A3D665-A359-4B3C-8779-B44376FB7838}.Debug|x86.ActiveCfg = Debug|Any CPU
		{D1A3D665-A359-4B3C-8779-B44376FB7838}.Debug|x86.Build.0 = Debug|Any CPU
		{D1A3D665-A359-4B3C-8779-B44376FB7838}.Release|Any CPU.ActiveCfg = Release|Any CPU
		{D1A3D665-A359-4B3C-8779-B44376FB7838}.Release|Any CPU.Build.0 = Release|Any CPU
		{D1A3D665-A359-4B3C-8779-B44376FB7838}.Release|x86.ActiveCfg = Release|Any CPU
		{D1A3D665-A359-4B3C-8779-B44376FB7838}.Release|x86.Build.0 = Release|Any CPU
		{2B5691FF-3967-4277-BAEF-375EE7ADDB0D}.Debug|Any CPU.ActiveCfg = Debug|Any CPU
		{2B5691FF-3967-4277-BAEF-375EE7ADDB0D}.Debug|Any CPU.Build.0 = Debug|Any CPU
		{2B5691FF-3967-4277-BAEF-375EE7ADDB0D}.Debug|x86.ActiveCfg = Debug|Any CPU
		{2B5691FF-3967-4277-BAEF-375EE7ADDB0D}.Debug|x86.Build.0 = Debug|Any CPU
		{2B5691FF-3967-4277-BAEF-375EE7ADDB0D}.Release|Any CPU.ActiveCfg = Release|Any CPU
		{2B5691FF-3967-4277-BAEF-375EE7ADDB0D}.Release|Any CPU.Build.0 = Release|Any CPU
		{2B5691FF-3967-4277-BAEF-375EE7ADDB0D}.Release|x86.ActiveCfg = Release|Any CPU
		{2B5691FF-3967-4277-BAEF-375EE7ADDB0D}.Release|x86.Build.0 = Release|Any CPU
		{D707043B-B0F6-4DE6-8111-26C4A743DC8D}.Debug|Any CPU.ActiveCfg = Debug|Any CPU
		{D707043B-B0F6-4DE6-8111-26C4A743DC8D}.Debug|Any CPU.Build.0 = Debug|Any CPU
		{D707043B-B0F6-4DE6-8111-26C4A743DC8D}.Debug|x86.ActiveCfg = Debug|Any CPU
		{D707043B-B0F6-4DE6-8111-26C4A743DC8D}.Debug|x86.Build.0 = Debug|Any CPU
		{D707043B-B0F6-4DE6-8111-26C4A743DC8D}.Release|Any CPU.ActiveCfg = Release|Any CPU
		{D707043B-B0F6-4DE6-8111-26C4A743DC8D}.Release|Any CPU.Build.0 = Release|Any CPU
		{D707043B-B0F6-4DE6-8111-26C4A743DC8D}.Release|x86.ActiveCfg = Release|Any CPU
		{D707043B-B0F6-4DE6-8111-26C4A743DC8D}.Release|x86.Build.0 = Release|Any CPU
	EndGlobalSection
	GlobalSection(SolutionProperties) = preSolution
		HideSolutionNode = FALSE
	EndGlobalSection
	GlobalSection(ExtensibilityGlobals) = postSolution
		SolutionGuid = {48FC5591-29CF-41BC-B4AE-9C978D3E6538}
	EndGlobalSection
EndGlobal
